
Microsoft Visual Studio Solution File, Format Version 12.00
# Visual Studio Version 16
VisualStudioVersion = 16.0.29418.71
MinimumVisualStudioVersion = 10.0.40219.1
Project("{FAE04EC0-301F-11D3-BF4B-00C04F79EFBC}") = "ServerPlus", "ServerPlus\ServerPlus.csproj", "{A5965586-F0E6-4856-939F-9AF8B7EE9712}"
EndProject
Global
	GlobalSection(SolutionConfigurationPlatforms) = preSolution
		Debug|Any CPU = Debug|Any CPU
		Release|Any CPU = Release|Any CPU
	EndGlobalSection
	GlobalSection(ProjectConfigurationPlatforms) = postSolution
		{A5965586-F0E6-4856-939F-9AF8B7EE9712}.Debug|Any CPU.ActiveCfg = Debug|Any CPU
		{A5965586-F0E6-4856-939F-9AF8B7EE9712}.Debug|Any CPU.Build.0 = Debug|Any CPU
		{A5965586-F0E6-4856-939F-9AF8B7EE9712}.Release|Any CPU.ActiveCfg = Release|Any CPU
		{A5965586-F0E6-4856-939F-9AF8B7EE9712}.Release|Any CPU.Build.0 = Release|Any CPU
	EndGlobalSection
	GlobalSection(SolutionProperties) = preSolution
		HideSolutionNode = FALSE
	EndGlobalSection
	GlobalSection(ExtensibilityGlobals) = postSolution
		SolutionGuid = {9A679995-EA49-4D51-A624-71708CF8315A}
	EndGlobalSection
EndGlobal
